// !$*UTF8*$!
{
	archiveVersion = 1;
	classes = {
	};
	objectVersion = 46;
	objects = {

/* Begin PBXBuildFile section */
		0D13AF951CD2C91D00D7D51F /* AppDelegate.swift in Sources */ = {isa = PBXBuildFile; fileRef = 0D13AF941CD2C91D00D7D51F /* AppDelegate.swift */; };
		0D13AF971CD2C91D00D7D51F /* MasterViewController.swift in Sources */ = {isa = PBXBuildFile; fileRef = 0D13AF961CD2C91D00D7D51F /* MasterViewController.swift */; };
		0D13AF9A1CD2C91D00D7D51F /* Main.storyboard in Resources */ = {isa = PBXBuildFile; fileRef = 0D13AF981CD2C91D00D7D51F /* Main.storyboard */; };
		0D13AF9C1CD2C91D00D7D51F /* Assets.xcassets in Resources */ = {isa = PBXBuildFile; fileRef = 0D13AF9B1CD2C91D00D7D51F /* Assets.xcassets */; };
		0D13AF9F1CD2C91D00D7D51F /* LaunchScreen.storyboard in Resources */ = {isa = PBXBuildFile; fileRef = 0D13AF9D1CD2C91D00D7D51F /* LaunchScreen.storyboard */; };
		0D13AFAA1CD2C91D00D7D51F /* ynTests.swift in Sources */ = {isa = PBXBuildFile; fileRef = 0D13AFA91CD2C91D00D7D51F /* ynTests.swift */; };
		0D13AFB51CD2C91D00D7D51F /* ynUITests.swift in Sources */ = {isa = PBXBuildFile; fileRef = 0D13AFB41CD2C91D00D7D51F /* ynUITests.swift */; };
		0D13AFC61CD2D27800D7D51F /* CreateQuestionViewController.swift in Sources */ = {isa = PBXBuildFile; fileRef = 0D13AFC41CD2D27800D7D51F /* CreateQuestionViewController.swift */; };
		0D13AFD51CD2E1C300D7D51F /* Ask.storyboard in Resources */ = {isa = PBXBuildFile; fileRef = 0D13AFD41CD2E1C300D7D51F /* Ask.storyboard */; };
		0D13AFD81CD5446300D7D51F /* SendQuestionViewController.swift in Sources */ = {isa = PBXBuildFile; fileRef = 0D13AFD71CD5446300D7D51F /* SendQuestionViewController.swift */; };
		0D13AFDA1CD5453700D7D51F /* CustomSegue.swift in Sources */ = {isa = PBXBuildFile; fileRef = 0D13AFD91CD5453700D7D51F /* CustomSegue.swift */; };
		0D13AFDC1CD548FD00D7D51F /* SectionNavigationControllerDelegate.swift in Sources */ = {isa = PBXBuildFile; fileRef = 0D13AFDB1CD548FD00D7D51F /* SectionNavigationControllerDelegate.swift */; };
		0D13AFDE1CD549D600D7D51F /* TransitionAnimator.swift in Sources */ = {isa = PBXBuildFile; fileRef = 0D13AFDD1CD549D600D7D51F /* TransitionAnimator.swift */; };
		0D13AFE31CD557E900D7D51F /* Friends.storyboard in Resources */ = {isa = PBXBuildFile; fileRef = 0D13AFE21CD557E900D7D51F /* Friends.storyboard */; };
		0D13AFE51CD5587700D7D51F /* FriendsListViewController.swift in Sources */ = {isa = PBXBuildFile; fileRef = 0D13AFE41CD5587700D7D51F /* FriendsListViewController.swift */; };
		0D13AFE81CD55B7700D7D51F /* Questions.storyboard in Resources */ = {isa = PBXBuildFile; fileRef = 0D13AFE71CD55B7700D7D51F /* Questions.storyboard */; };
		0D13AFEA1CD55BA900D7D51F /* QuestionsListViewController.swift in Sources */ = {isa = PBXBuildFile; fileRef = 0D13AFE91CD55BA900D7D51F /* QuestionsListViewController.swift */; };
		0D13AFEC1CD5618D00D7D51F /* AuthStoryboard.storyboard in Resources */ = {isa = PBXBuildFile; fileRef = 0D13AFEB1CD5618D00D7D51F /* AuthStoryboard.storyboard */; };
		0D13AFF01CD578FB00D7D51F /* SigninViewController.swift in Sources */ = {isa = PBXBuildFile; fileRef = 0D13AFEF1CD578FB00D7D51F /* SigninViewController.swift */; };
		0D13AFF81CD5921E00D7D51F /* Sansation_Bold.ttf in Resources */ = {isa = PBXBuildFile; fileRef = 0D13AFF51CD591F100D7D51F /* Sansation_Bold.ttf */; };
		0D13AFF91CD5922000D7D51F /* Sansation_Regular.ttf in Resources */ = {isa = PBXBuildFile; fileRef = 0D13AFF71CD591F100D7D51F /* Sansation_Regular.ttf */; };
		0D13AFFA1CD5922400D7D51F /* Sansation_Light.ttf in Resources */ = {isa = PBXBuildFile; fileRef = 0D13AFF61CD591F100D7D51F /* Sansation_Light.ttf */; };
		0D13AFFC1CD5941700D7D51F /* UIColorExtension.swift in Sources */ = {isa = PBXBuildFile; fileRef = 0D13AFFB1CD5941700D7D51F /* UIColorExtension.swift */; };
		0D13B0001CD5A1C600D7D51F /* SignupViewController.swift in Sources */ = {isa = PBXBuildFile; fileRef = 0D13AFFF1CD5A1C600D7D51F /* SignupViewController.swift */; };
		0D13B00A1CD8007000D7D51F /* ApiHandler.swift in Sources */ = {isa = PBXBuildFile; fileRef = 0D13B0091CD8007000D7D51F /* ApiHandler.swift */; };
		0D13B00D1CD845DE00D7D51F /* User.swift in Sources */ = {isa = PBXBuildFile; fileRef = 0D13B00C1CD845DE00D7D51F /* User.swift */; };
		0D24606E1CEAEA49000BCEB4 /* FBSDKLoginKit.framework in Frameworks */ = {isa = PBXBuildFile; fileRef = 0D24606D1CEAEA49000BCEB4 /* FBSDKLoginKit.framework */; };
		0D2460731CEB103A000BCEB4 /* SignupWithFacebookViewController.swift in Sources */ = {isa = PBXBuildFile; fileRef = 0D2460721CEB1039000BCEB4 /* SignupWithFacebookViewController.swift */; };
		0D2460761CEBCA08000BCEB4 /* RemoteNotificationHandler.swift in Sources */ = {isa = PBXBuildFile; fileRef = 0D2460751CEBCA08000BCEB4 /* RemoteNotificationHandler.swift */; };
		0D2460781CEBCA76000BCEB4 /* RemoteNotificationError.swift in Sources */ = {isa = PBXBuildFile; fileRef = 0D2460771CEBCA76000BCEB4 /* RemoteNotificationError.swift */; };
		0D4E24A71CE53B0E0035B42D /* CameraError.swift in Sources */ = {isa = PBXBuildFile; fileRef = 0D4E24A61CE53B0E0035B42D /* CameraError.swift */; };
		0D4E24A91CE56D650035B42D /* EditQuestionViewController.swift in Sources */ = {isa = PBXBuildFile; fileRef = 0D4E24A81CE56D650035B42D /* EditQuestionViewController.swift */; };
		0D8EADA71CDAE34800A4DAED /* FriendsApiController.swift in Sources */ = {isa = PBXBuildFile; fileRef = 0D8EADA61CDAE34800A4DAED /* FriendsApiController.swift */; };
		0D8EADAC1CDAE42A00A4DAED /* ApiUrls.swift in Sources */ = {isa = PBXBuildFile; fileRef = 0D8EADAB1CDAE42A00A4DAED /* ApiUrls.swift */; };
		0D8EADAF1CDAE56F00A4DAED /* ApiError.swift in Sources */ = {isa = PBXBuildFile; fileRef = 0D8EADAE1CDAE56F00A4DAED /* ApiError.swift */; };
		0D8EADB11CDAE60E00A4DAED /* ApiUrls.plist in Resources */ = {isa = PBXBuildFile; fileRef = 0D8EADB01CDAE60E00A4DAED /* ApiUrls.plist */; };
		0D8EADB31CDBF1EF00A4DAED /* AddFriendViewController.swift in Sources */ = {isa = PBXBuildFile; fileRef = 0D8EADB21CDBF1EF00A4DAED /* AddFriendViewController.swift */; };
		0D8EADB51CDD3F3000A4DAED /* UsersApiController.swift in Sources */ = {isa = PBXBuildFile; fileRef = 0D8EADB41CDD3F3000A4DAED /* UsersApiController.swift */; };
		0DB736AF1CEAE439001C5B86 /* FBSDKCoreKit.framework in Frameworks */ = {isa = PBXBuildFile; fileRef = 0DB736AE1CEAE439001C5B86 /* FBSDKCoreKit.framework */; };
		0DDC5AB51CEBD00900EBA597 /* NSDataExtension.swift in Sources */ = {isa = PBXBuildFile; fileRef = 0DDC5AB41CEBD00900EBA597 /* NSDataExtension.swift */; };
		0DDC5AB81CEBEB1300EBA597 /* Answers.storyboard in Resources */ = {isa = PBXBuildFile; fileRef = 0DDC5AB71CEBEB1300EBA597 /* Answers.storyboard */; };
		0DDC5ABA1CEBEBC400EBA597 /* MasterAnswersViewController.swift in Sources */ = {isa = PBXBuildFile; fileRef = 0DDC5AB91CEBEBC400EBA597 /* MasterAnswersViewController.swift */; };
		219EE88753B35D34D88A8646 /* Pods_yn.framework in Frameworks */ = {isa = PBXBuildFile; fileRef = B6D8597E64AAAE0D10DCC61E /* Pods_yn.framework */; };
		E328E0961CEAAE1400D7EDB3 /* FriendsRequestsViewController.swift in Sources */ = {isa = PBXBuildFile; fileRef = E328E0951CEAAE1400D7EDB3 /* FriendsRequestsViewController.swift */; };
		E3B07E231CE959690064FAD8 /* countriesCode.plist in Resources */ = {isa = PBXBuildFile; fileRef = E3B07E221CE959690064FAD8 /* countriesCode.plist */; };
/* End PBXBuildFile section */

/* Begin PBXContainerItemProxy section */
		0D13AFA61CD2C91D00D7D51F /* PBXContainerItemProxy */ = {
			isa = PBXContainerItemProxy;
			containerPortal = 0D13AF891CD2C91C00D7D51F /* Project object */;
			proxyType = 1;
			remoteGlobalIDString = 0D13AF901CD2C91C00D7D51F;
			remoteInfo = yn;
		};
		0D13AFB11CD2C91D00D7D51F /* PBXContainerItemProxy */ = {
			isa = PBXContainerItemProxy;
			containerPortal = 0D13AF891CD2C91C00D7D51F /* Project object */;
			proxyType = 1;
			remoteGlobalIDString = 0D13AF901CD2C91C00D7D51F;
			remoteInfo = yn;
		};
/* End PBXContainerItemProxy section */

/* Begin PBXFileReference section */
		0D13AF911CD2C91C00D7D51F /* yn.app */ = {isa = PBXFileReference; explicitFileType = wrapper.application; includeInIndex = 0; path = yn.app; sourceTree = BUILT_PRODUCTS_DIR; };
		0D13AF941CD2C91D00D7D51F /* AppDelegate.swift */ = {isa = PBXFileReference; lastKnownFileType = sourcecode.swift; path = AppDelegate.swift; sourceTree = "<group>"; };
		0D13AF961CD2C91D00D7D51F /* MasterViewController.swift */ = {isa = PBXFileReference; lastKnownFileType = sourcecode.swift; path = MasterViewController.swift; sourceTree = "<group>"; };
		0D13AF991CD2C91D00D7D51F /* Base */ = {isa = PBXFileReference; lastKnownFileType = file.storyboard; name = Base; path = Base.lproj/Main.storyboard; sourceTree = "<group>"; };
		0D13AF9B1CD2C91D00D7D51F /* Assets.xcassets */ = {isa = PBXFileReference; lastKnownFileType = folder.assetcatalog; path = Assets.xcassets; sourceTree = "<group>"; };
		0D13AF9E1CD2C91D00D7D51F /* Base */ = {isa = PBXFileReference; lastKnownFileType = file.storyboard; name = Base; path = Base.lproj/LaunchScreen.storyboard; sourceTree = "<group>"; };
		0D13AFA01CD2C91D00D7D51F /* Info.plist */ = {isa = PBXFileReference; lastKnownFileType = text.plist.xml; path = Info.plist; sourceTree = "<group>"; };
		0D13AFA51CD2C91D00D7D51F /* ynTests.xctest */ = {isa = PBXFileReference; explicitFileType = wrapper.cfbundle; includeInIndex = 0; path = ynTests.xctest; sourceTree = BUILT_PRODUCTS_DIR; };
		0D13AFA91CD2C91D00D7D51F /* ynTests.swift */ = {isa = PBXFileReference; lastKnownFileType = sourcecode.swift; path = ynTests.swift; sourceTree = "<group>"; };
		0D13AFAB1CD2C91D00D7D51F /* Info.plist */ = {isa = PBXFileReference; lastKnownFileType = text.plist.xml; path = Info.plist; sourceTree = "<group>"; };
		0D13AFB01CD2C91D00D7D51F /* ynUITests.xctest */ = {isa = PBXFileReference; explicitFileType = wrapper.cfbundle; includeInIndex = 0; path = ynUITests.xctest; sourceTree = BUILT_PRODUCTS_DIR; };
		0D13AFB41CD2C91D00D7D51F /* ynUITests.swift */ = {isa = PBXFileReference; lastKnownFileType = sourcecode.swift; path = ynUITests.swift; sourceTree = "<group>"; };
		0D13AFB61CD2C91D00D7D51F /* Info.plist */ = {isa = PBXFileReference; lastKnownFileType = text.plist.xml; path = Info.plist; sourceTree = "<group>"; };
		0D13AFC41CD2D27800D7D51F /* CreateQuestionViewController.swift */ = {isa = PBXFileReference; fileEncoding = 4; lastKnownFileType = sourcecode.swift; path = CreateQuestionViewController.swift; sourceTree = "<group>"; };
		0D13AFD41CD2E1C300D7D51F /* Ask.storyboard */ = {isa = PBXFileReference; fileEncoding = 4; lastKnownFileType = file.storyboard; path = Ask.storyboard; sourceTree = "<group>"; };
		0D13AFD71CD5446300D7D51F /* SendQuestionViewController.swift */ = {isa = PBXFileReference; fileEncoding = 4; lastKnownFileType = sourcecode.swift; path = SendQuestionViewController.swift; sourceTree = "<group>"; };
		0D13AFD91CD5453700D7D51F /* CustomSegue.swift */ = {isa = PBXFileReference; fileEncoding = 4; lastKnownFileType = sourcecode.swift; path = CustomSegue.swift; sourceTree = "<group>"; };
		0D13AFDB1CD548FD00D7D51F /* SectionNavigationControllerDelegate.swift */ = {isa = PBXFileReference; fileEncoding = 4; lastKnownFileType = sourcecode.swift; path = SectionNavigationControllerDelegate.swift; sourceTree = "<group>"; };
		0D13AFDD1CD549D600D7D51F /* TransitionAnimator.swift */ = {isa = PBXFileReference; fileEncoding = 4; lastKnownFileType = sourcecode.swift; path = TransitionAnimator.swift; sourceTree = "<group>"; };
		0D13AFE21CD557E900D7D51F /* Friends.storyboard */ = {isa = PBXFileReference; fileEncoding = 4; lastKnownFileType = file.storyboard; path = Friends.storyboard; sourceTree = "<group>"; };
		0D13AFE41CD5587700D7D51F /* FriendsListViewController.swift */ = {isa = PBXFileReference; fileEncoding = 4; lastKnownFileType = sourcecode.swift; path = FriendsListViewController.swift; sourceTree = "<group>"; };
		0D13AFE71CD55B7700D7D51F /* Questions.storyboard */ = {isa = PBXFileReference; fileEncoding = 4; lastKnownFileType = file.storyboard; path = Questions.storyboard; sourceTree = "<group>"; };
		0D13AFE91CD55BA900D7D51F /* QuestionsListViewController.swift */ = {isa = PBXFileReference; fileEncoding = 4; lastKnownFileType = sourcecode.swift; path = QuestionsListViewController.swift; sourceTree = "<group>"; };
		0D13AFEB1CD5618D00D7D51F /* AuthStoryboard.storyboard */ = {isa = PBXFileReference; fileEncoding = 4; lastKnownFileType = file.storyboard; path = AuthStoryboard.storyboard; sourceTree = "<group>"; };
		0D13AFEF1CD578FB00D7D51F /* SigninViewController.swift */ = {isa = PBXFileReference; fileEncoding = 4; lastKnownFileType = sourcecode.swift; path = SigninViewController.swift; sourceTree = "<group>"; };
		0D13AFF51CD591F100D7D51F /* Sansation_Bold.ttf */ = {isa = PBXFileReference; lastKnownFileType = file; path = Sansation_Bold.ttf; sourceTree = "<group>"; };
		0D13AFF61CD591F100D7D51F /* Sansation_Light.ttf */ = {isa = PBXFileReference; lastKnownFileType = file; path = Sansation_Light.ttf; sourceTree = "<group>"; };
		0D13AFF71CD591F100D7D51F /* Sansation_Regular.ttf */ = {isa = PBXFileReference; lastKnownFileType = file; path = Sansation_Regular.ttf; sourceTree = "<group>"; };
		0D13AFFB1CD5941700D7D51F /* UIColorExtension.swift */ = {isa = PBXFileReference; fileEncoding = 4; lastKnownFileType = sourcecode.swift; path = UIColorExtension.swift; sourceTree = "<group>"; };
		0D13AFFF1CD5A1C600D7D51F /* SignupViewController.swift */ = {isa = PBXFileReference; fileEncoding = 4; lastKnownFileType = sourcecode.swift; path = SignupViewController.swift; sourceTree = "<group>"; };
		0D13B0011CD7FF6F00D7D51F /* Alamofire.framework */ = {isa = PBXFileReference; lastKnownFileType = wrapper.framework; name = Alamofire.framework; path = "../../../../Library/Developer/Xcode/DerivedData/yn-gyyyktjxsilbfugxwxrnrnqxnluo/Build/Products/Debug-iphonesimulator/Alamofire.framework"; sourceTree = "<group>"; };
		0D13B0091CD8007000D7D51F /* ApiHandler.swift */ = {isa = PBXFileReference; fileEncoding = 4; lastKnownFileType = sourcecode.swift; name = ApiHandler.swift; path = yn/ApiHandler.swift; sourceTree = SOURCE_ROOT; };
		0D13B00C1CD845DE00D7D51F /* User.swift */ = {isa = PBXFileReference; fileEncoding = 4; lastKnownFileType = sourcecode.swift; path = User.swift; sourceTree = "<group>"; };
		0D24606D1CEAEA49000BCEB4 /* FBSDKLoginKit.framework */ = {isa = PBXFileReference; lastKnownFileType = wrapper.framework; path = FBSDKLoginKit.framework; sourceTree = "<group>"; };
		0D2460721CEB1039000BCEB4 /* SignupWithFacebookViewController.swift */ = {isa = PBXFileReference; fileEncoding = 4; lastKnownFileType = sourcecode.swift; path = SignupWithFacebookViewController.swift; sourceTree = "<group>"; };
		0D2460751CEBCA08000BCEB4 /* RemoteNotificationHandler.swift */ = {isa = PBXFileReference; fileEncoding = 4; lastKnownFileType = sourcecode.swift; path = RemoteNotificationHandler.swift; sourceTree = "<group>"; };
		0D2460771CEBCA76000BCEB4 /* RemoteNotificationError.swift */ = {isa = PBXFileReference; fileEncoding = 4; lastKnownFileType = sourcecode.swift; path = RemoteNotificationError.swift; sourceTree = "<group>"; };
		0D4E24A61CE53B0E0035B42D /* CameraError.swift */ = {isa = PBXFileReference; fileEncoding = 4; lastKnownFileType = sourcecode.swift; path = CameraError.swift; sourceTree = "<group>"; };
		0D4E24A81CE56D650035B42D /* EditQuestionViewController.swift */ = {isa = PBXFileReference; fileEncoding = 4; lastKnownFileType = sourcecode.swift; path = EditQuestionViewController.swift; sourceTree = "<group>"; };
		0D8EADA61CDAE34800A4DAED /* FriendsApiController.swift */ = {isa = PBXFileReference; fileEncoding = 4; lastKnownFileType = sourcecode.swift; path = FriendsApiController.swift; sourceTree = "<group>"; };
		0D8EADAB1CDAE42A00A4DAED /* ApiUrls.swift */ = {isa = PBXFileReference; fileEncoding = 4; lastKnownFileType = sourcecode.swift; path = ApiUrls.swift; sourceTree = "<group>"; };
		0D8EADAE1CDAE56F00A4DAED /* ApiError.swift */ = {isa = PBXFileReference; fileEncoding = 4; lastKnownFileType = sourcecode.swift; path = ApiError.swift; sourceTree = "<group>"; };
		0D8EADB01CDAE60E00A4DAED /* ApiUrls.plist */ = {isa = PBXFileReference; fileEncoding = 4; lastKnownFileType = text.plist.xml; path = ApiUrls.plist; sourceTree = "<group>"; };
		0D8EADB21CDBF1EF00A4DAED /* AddFriendViewController.swift */ = {isa = PBXFileReference; fileEncoding = 4; lastKnownFileType = sourcecode.swift; path = AddFriendViewController.swift; sourceTree = "<group>"; };
		0D8EADB41CDD3F3000A4DAED /* UsersApiController.swift */ = {isa = PBXFileReference; fileEncoding = 4; lastKnownFileType = sourcecode.swift; path = UsersApiController.swift; sourceTree = "<group>"; };
		0DB736AE1CEAE439001C5B86 /* FBSDKCoreKit.framework */ = {isa = PBXFileReference; lastKnownFileType = wrapper.framework; path = FBSDKCoreKit.framework; sourceTree = "<group>"; };
		0DDC5AB41CEBD00900EBA597 /* NSDataExtension.swift */ = {isa = PBXFileReference; fileEncoding = 4; lastKnownFileType = sourcecode.swift; path = NSDataExtension.swift; sourceTree = "<group>"; };
		0DDC5AB71CEBEB1300EBA597 /* Answers.storyboard */ = {isa = PBXFileReference; fileEncoding = 4; lastKnownFileType = file.storyboard; path = Answers.storyboard; sourceTree = "<group>"; };
		0DDC5AB91CEBEBC400EBA597 /* MasterAnswersViewController.swift */ = {isa = PBXFileReference; fileEncoding = 4; lastKnownFileType = sourcecode.swift; path = MasterAnswersViewController.swift; sourceTree = "<group>"; };
		6555A07611012DCEE3DF650E /* Pods-yn.release.xcconfig */ = {isa = PBXFileReference; includeInIndex = 1; lastKnownFileType = text.xcconfig; name = "Pods-yn.release.xcconfig"; path = "Pods/Target Support Files/Pods-yn/Pods-yn.release.xcconfig"; sourceTree = "<group>"; };
		9C6B85502A8AB8B0D77D403D /* Pods-yn.debug.xcconfig */ = {isa = PBXFileReference; includeInIndex = 1; lastKnownFileType = text.xcconfig; name = "Pods-yn.debug.xcconfig"; path = "Pods/Target Support Files/Pods-yn/Pods-yn.debug.xcconfig"; sourceTree = "<group>"; };
		B6D8597E64AAAE0D10DCC61E /* Pods_yn.framework */ = {isa = PBXFileReference; explicitFileType = wrapper.framework; includeInIndex = 0; path = Pods_yn.framework; sourceTree = BUILT_PRODUCTS_DIR; };
		E328E0951CEAAE1400D7EDB3 /* FriendsRequestsViewController.swift */ = {isa = PBXFileReference; fileEncoding = 4; lastKnownFileType = sourcecode.swift; path = FriendsRequestsViewController.swift; sourceTree = "<group>"; };
		E3B07E221CE959690064FAD8 /* countriesCode.plist */ = {isa = PBXFileReference; fileEncoding = 4; lastKnownFileType = text.plist.xml; path = countriesCode.plist; sourceTree = "<group>"; };
/* End PBXFileReference section */

/* Begin PBXFrameworksBuildPhase section */
		0D13AF8E1CD2C91C00D7D51F /* Frameworks */ = {
			isa = PBXFrameworksBuildPhase;
			buildActionMask = 2147483647;
			files = (
				219EE88753B35D34D88A8646 /* Pods_yn.framework in Frameworks */,
				0DB736AF1CEAE439001C5B86 /* FBSDKCoreKit.framework in Frameworks */,
				0D24606E1CEAEA49000BCEB4 /* FBSDKLoginKit.framework in Frameworks */,
			);
			runOnlyForDeploymentPostprocessing = 0;
		};
		0D13AFA21CD2C91D00D7D51F /* Frameworks */ = {
			isa = PBXFrameworksBuildPhase;
			buildActionMask = 2147483647;
			files = (
			);
			runOnlyForDeploymentPostprocessing = 0;
		};
		0D13AFAD1CD2C91D00D7D51F /* Frameworks */ = {
			isa = PBXFrameworksBuildPhase;
			buildActionMask = 2147483647;
			files = (
			);
			runOnlyForDeploymentPostprocessing = 0;
		};
/* End PBXFrameworksBuildPhase section */

/* Begin PBXGroup section */
		0D13AF881CD2C91C00D7D51F = {
			isa = PBXGroup;
			children = (
				0D13AF931CD2C91C00D7D51F /* yn */,
				0D13AFA81CD2C91D00D7D51F /* ynTests */,
				0D13AFB31CD2C91D00D7D51F /* ynUITests */,
				0D13AF921CD2C91C00D7D51F /* Products */,
				FB95FC788E3286BA451ABC85 /* Pods */,
				42A931E7791806229422BC9F /* Frameworks */,
			);
			sourceTree = "<group>";
		};
		0D13AF921CD2C91C00D7D51F /* Products */ = {
			isa = PBXGroup;
			children = (
				0D13AF911CD2C91C00D7D51F /* yn.app */,
				0D13AFA51CD2C91D00D7D51F /* ynTests.xctest */,
				0D13AFB01CD2C91D00D7D51F /* ynUITests.xctest */,
			);
			name = Products;
			sourceTree = "<group>";
		};
		0D13AF931CD2C91C00D7D51F /* yn */ = {
			isa = PBXGroup;
			children = (
				0DDC5AB61CEBEB0100EBA597 /* Answers */,
				0D2460741CEBC9F2000BCEB4 /* RemoteNotification */,
				E3B07E211CE959530064FAD8 /* Resources */,
				0D8EADAD1CDAE56100A4DAED /* Api */,
				0D13B00B1CD845CF00D7D51F /* Models */,
				0D13AFEE1CD578E900D7D51F /* Auth */,
				0D13AFE61CD55B6600D7D51F /* Questions */,
				0D13AFE11CD557CF00D7D51F /* Friends */,
				0D13AFD61CD5441100D7D51F /* Ask */,
				0D13AF941CD2C91D00D7D51F /* AppDelegate.swift */,
				0D13AF961CD2C91D00D7D51F /* MasterViewController.swift */,
				0D13AF981CD2C91D00D7D51F /* Main.storyboard */,
				0D13AF9B1CD2C91D00D7D51F /* Assets.xcassets */,
				0D13AF9D1CD2C91D00D7D51F /* LaunchScreen.storyboard */,
				0D13AFA01CD2C91D00D7D51F /* Info.plist */,
				0D13AFDB1CD548FD00D7D51F /* SectionNavigationControllerDelegate.swift */,
				0D13AFD91CD5453700D7D51F /* CustomSegue.swift */,
				0D13AFDD1CD549D600D7D51F /* TransitionAnimator.swift */,
				0D13AFF51CD591F100D7D51F /* Sansation_Bold.ttf */,
				0D13AFF61CD591F100D7D51F /* Sansation_Light.ttf */,
				0D13AFF71CD591F100D7D51F /* Sansation_Regular.ttf */,
				0D13AFFB1CD5941700D7D51F /* UIColorExtension.swift */,
				0DDC5AB41CEBD00900EBA597 /* NSDataExtension.swift */,
			);
			path = yn;
			sourceTree = "<group>";
		};
		0D13AFA81CD2C91D00D7D51F /* ynTests */ = {
			isa = PBXGroup;
			children = (
				0D13AFA91CD2C91D00D7D51F /* ynTests.swift */,
				0D13AFAB1CD2C91D00D7D51F /* Info.plist */,
			);
			path = ynTests;
			sourceTree = "<group>";
		};
		0D13AFB31CD2C91D00D7D51F /* ynUITests */ = {
			isa = PBXGroup;
			children = (
				0D13AFB41CD2C91D00D7D51F /* ynUITests.swift */,
				0D13AFB61CD2C91D00D7D51F /* Info.plist */,
			);
			path = ynUITests;
			sourceTree = "<group>";
		};
		0D13AFD61CD5441100D7D51F /* Ask */ = {
			isa = PBXGroup;
			children = (
				0D13AFD41CD2E1C300D7D51F /* Ask.storyboard */,
				0D13AFC41CD2D27800D7D51F /* CreateQuestionViewController.swift */,
				0D13AFD71CD5446300D7D51F /* SendQuestionViewController.swift */,
				0D4E24A61CE53B0E0035B42D /* CameraError.swift */,
				0D4E24A81CE56D650035B42D /* EditQuestionViewController.swift */,
			);
			name = Ask;
			sourceTree = "<group>";
		};
		0D13AFE11CD557CF00D7D51F /* Friends */ = {
			isa = PBXGroup;
			children = (
				0D13AFE21CD557E900D7D51F /* Friends.storyboard */,
				0D13AFE41CD5587700D7D51F /* FriendsListViewController.swift */,
				0D8EADB21CDBF1EF00A4DAED /* AddFriendViewController.swift */,
				E328E0951CEAAE1400D7EDB3 /* FriendsRequestsViewController.swift */,
			);
			name = Friends;
			sourceTree = "<group>";
		};
		0D13AFE61CD55B6600D7D51F /* Questions */ = {
			isa = PBXGroup;
			children = (
				0D13AFE71CD55B7700D7D51F /* Questions.storyboard */,
				0D13AFE91CD55BA900D7D51F /* QuestionsListViewController.swift */,
			);
			name = Questions;
			sourceTree = "<group>";
		};
		0D13AFEE1CD578E900D7D51F /* Auth */ = {
			isa = PBXGroup;
			children = (
				0D13AFEB1CD5618D00D7D51F /* AuthStoryboard.storyboard */,
				0D13AFEF1CD578FB00D7D51F /* SigninViewController.swift */,
				0D13AFFF1CD5A1C600D7D51F /* SignupViewController.swift */,
				0D2460721CEB1039000BCEB4 /* SignupWithFacebookViewController.swift */,
			);
			name = Auth;
			sourceTree = "<group>";
		};
		0D13B00B1CD845CF00D7D51F /* Models */ = {
			isa = PBXGroup;
			children = (
				0D13B00C1CD845DE00D7D51F /* User.swift */,
			);
			name = Models;
			sourceTree = "<group>";
		};
		0D2460741CEBC9F2000BCEB4 /* RemoteNotification */ = {
			isa = PBXGroup;
			children = (
				0D2460751CEBCA08000BCEB4 /* RemoteNotificationHandler.swift */,
				0D2460771CEBCA76000BCEB4 /* RemoteNotificationError.swift */,
			);
			name = RemoteNotification;
			sourceTree = "<group>";
		};
		0D8EADAD1CDAE56100A4DAED /* Api */ = {
			isa = PBXGroup;
			children = (
				0D8EADB01CDAE60E00A4DAED /* ApiUrls.plist */,
				0D8EADAB1CDAE42A00A4DAED /* ApiUrls.swift */,
				0D13B0091CD8007000D7D51F /* ApiHandler.swift */,
				0D8EADAE1CDAE56F00A4DAED /* ApiError.swift */,
				0D8EADA61CDAE34800A4DAED /* FriendsApiController.swift */,
				0D8EADB41CDD3F3000A4DAED /* UsersApiController.swift */,
			);
			name = Api;
			sourceTree = "<group>";
		};
		0DDC5AB61CEBEB0100EBA597 /* Answers */ = {
			isa = PBXGroup;
			children = (
				0DDC5AB71CEBEB1300EBA597 /* Answers.storyboard */,
				0DDC5AB91CEBEBC400EBA597 /* MasterAnswersViewController.swift */,
			);
			name = Answers;
			sourceTree = "<group>";
		};
		42A931E7791806229422BC9F /* Frameworks */ = {
			isa = PBXGroup;
			children = (
				0D24606D1CEAEA49000BCEB4 /* FBSDKLoginKit.framework */,
				0DB736AE1CEAE439001C5B86 /* FBSDKCoreKit.framework */,
				0D13B0011CD7FF6F00D7D51F /* Alamofire.framework */,
				B6D8597E64AAAE0D10DCC61E /* Pods_yn.framework */,
			);
			name = Frameworks;
			sourceTree = "<group>";
		};
		E3B07E211CE959530064FAD8 /* Resources */ = {
			isa = PBXGroup;
			children = (
				E3B07E221CE959690064FAD8 /* countriesCode.plist */,
			);
			name = Resources;
			sourceTree = "<group>";
		};
		FB95FC788E3286BA451ABC85 /* Pods */ = {
			isa = PBXGroup;
			children = (
				9C6B85502A8AB8B0D77D403D /* Pods-yn.debug.xcconfig */,
				6555A07611012DCEE3DF650E /* Pods-yn.release.xcconfig */,
			);
			name = Pods;
			sourceTree = "<group>";
		};
/* End PBXGroup section */

/* Begin PBXNativeTarget section */
		0D13AF901CD2C91C00D7D51F /* yn */ = {
			isa = PBXNativeTarget;
			buildConfigurationList = 0D13AFB91CD2C91D00D7D51F /* Build configuration list for PBXNativeTarget "yn" */;
			buildPhases = (
				26E2DA9A4AF78B750EC98B67 /* Check Pods Manifest.lock */,
				0D13AF8D1CD2C91C00D7D51F /* Sources */,
				0D13AF8E1CD2C91C00D7D51F /* Frameworks */,
				0D13AF8F1CD2C91C00D7D51F /* Resources */,
				2E758E7FE9233901C7980A0C /* Embed Pods Frameworks */,
				FB1F6B560AD1D9813A792834 /* Copy Pods Resources */,
			);
			buildRules = (
			);
			dependencies = (
			);
			name = yn;
			productName = yn;
			productReference = 0D13AF911CD2C91C00D7D51F /* yn.app */;
			productType = "com.apple.product-type.application";
		};
		0D13AFA41CD2C91D00D7D51F /* ynTests */ = {
			isa = PBXNativeTarget;
			buildConfigurationList = 0D13AFBC1CD2C91D00D7D51F /* Build configuration list for PBXNativeTarget "ynTests" */;
			buildPhases = (
				0D13AFA11CD2C91D00D7D51F /* Sources */,
				0D13AFA21CD2C91D00D7D51F /* Frameworks */,
				0D13AFA31CD2C91D00D7D51F /* Resources */,
			);
			buildRules = (
			);
			dependencies = (
				0D13AFA71CD2C91D00D7D51F /* PBXTargetDependency */,
			);
			name = ynTests;
			productName = ynTests;
			productReference = 0D13AFA51CD2C91D00D7D51F /* ynTests.xctest */;
			productType = "com.apple.product-type.bundle.unit-test";
		};
		0D13AFAF1CD2C91D00D7D51F /* ynUITests */ = {
			isa = PBXNativeTarget;
			buildConfigurationList = 0D13AFBF1CD2C91D00D7D51F /* Build configuration list for PBXNativeTarget "ynUITests" */;
			buildPhases = (
				0D13AFAC1CD2C91D00D7D51F /* Sources */,
				0D13AFAD1CD2C91D00D7D51F /* Frameworks */,
				0D13AFAE1CD2C91D00D7D51F /* Resources */,
			);
			buildRules = (
			);
			dependencies = (
				0D13AFB21CD2C91D00D7D51F /* PBXTargetDependency */,
			);
			name = ynUITests;
			productName = ynUITests;
			productReference = 0D13AFB01CD2C91D00D7D51F /* ynUITests.xctest */;
			productType = "com.apple.product-type.bundle.ui-testing";
		};
/* End PBXNativeTarget section */

/* Begin PBXProject section */
		0D13AF891CD2C91C00D7D51F /* Project object */ = {
			isa = PBXProject;
			attributes = {
				LastSwiftUpdateCheck = 0730;
				LastUpgradeCheck = 0730;
				ORGANIZATIONNAME = "Aurelien Prieur";
				TargetAttributes = {
					0D13AF901CD2C91C00D7D51F = {
						CreatedOnToolsVersion = 7.3;
						DevelopmentTeam = V995F38PPR;
						SystemCapabilities = {
							com.apple.BackgroundModes = {
								enabled = 1;
							};
							com.apple.Push = {
								enabled = 1;
							};
						};
					};
					0D13AFA41CD2C91D00D7D51F = {
						CreatedOnToolsVersion = 7.3;
						TestTargetID = 0D13AF901CD2C91C00D7D51F;
					};
					0D13AFAF1CD2C91D00D7D51F = {
						CreatedOnToolsVersion = 7.3;
						TestTargetID = 0D13AF901CD2C91C00D7D51F;
					};
				};
			};
			buildConfigurationList = 0D13AF8C1CD2C91C00D7D51F /* Build configuration list for PBXProject "yn" */;
			compatibilityVersion = "Xcode 3.2";
			developmentRegion = English;
			hasScannedForEncodings = 0;
			knownRegions = (
				en,
				Base,
			);
			mainGroup = 0D13AF881CD2C91C00D7D51F;
			productRefGroup = 0D13AF921CD2C91C00D7D51F /* Products */;
			projectDirPath = "";
			projectRoot = "";
			targets = (
				0D13AF901CD2C91C00D7D51F /* yn */,
				0D13AFA41CD2C91D00D7D51F /* ynTests */,
				0D13AFAF1CD2C91D00D7D51F /* ynUITests */,
			);
		};
/* End PBXProject section */

/* Begin PBXResourcesBuildPhase section */
		0D13AF8F1CD2C91C00D7D51F /* Resources */ = {
			isa = PBXResourcesBuildPhase;
			buildActionMask = 2147483647;
			files = (
				0D13AFE31CD557E900D7D51F /* Friends.storyboard in Resources */,
				0D13AF9F1CD2C91D00D7D51F /* LaunchScreen.storyboard in Resources */,
				0D13AF9C1CD2C91D00D7D51F /* Assets.xcassets in Resources */,
				0DDC5AB81CEBEB1300EBA597 /* Answers.storyboard in Resources */,
				0D13AFD51CD2E1C300D7D51F /* Ask.storyboard in Resources */,
				E3B07E231CE959690064FAD8 /* countriesCode.plist in Resources */,
				0D13AFFA1CD5922400D7D51F /* Sansation_Light.ttf in Resources */,
				0D13AFEC1CD5618D00D7D51F /* AuthStoryboard.storyboard in Resources */,
				0D13AFE81CD55B7700D7D51F /* Questions.storyboard in Resources */,
				0D13AFF81CD5921E00D7D51F /* Sansation_Bold.ttf in Resources */,
				0D8EADB11CDAE60E00A4DAED /* ApiUrls.plist in Resources */,
				0D13AFF91CD5922000D7D51F /* Sansation_Regular.ttf in Resources */,
				0D13AF9A1CD2C91D00D7D51F /* Main.storyboard in Resources */,
			);
			runOnlyForDeploymentPostprocessing = 0;
		};
		0D13AFA31CD2C91D00D7D51F /* Resources */ = {
			isa = PBXResourcesBuildPhase;
			buildActionMask = 2147483647;
			files = (
			);
			runOnlyForDeploymentPostprocessing = 0;
		};
		0D13AFAE1CD2C91D00D7D51F /* Resources */ = {
			isa = PBXResourcesBuildPhase;
			buildActionMask = 2147483647;
			files = (
			);
			runOnlyForDeploymentPostprocessing = 0;
		};
/* End PBXResourcesBuildPhase section */

/* Begin PBXShellScriptBuildPhase section */
		26E2DA9A4AF78B750EC98B67 /* Check Pods Manifest.lock */ = {
			isa = PBXShellScriptBuildPhase;
			buildActionMask = 2147483647;
			files = (
			);
			inputPaths = (
			);
			name = "Check Pods Manifest.lock";
			outputPaths = (
			);
			runOnlyForDeploymentPostprocessing = 0;
			shellPath = /bin/sh;
			shellScript = "diff \"${PODS_ROOT}/../Podfile.lock\" \"${PODS_ROOT}/Manifest.lock\" > /dev/null\nif [[ $? != 0 ]] ; then\n    cat << EOM\nerror: The sandbox is not in sync with the Podfile.lock. Run 'pod install' or update your CocoaPods installation.\nEOM\n    exit 1\nfi\n";
			showEnvVarsInLog = 0;
		};
		2E758E7FE9233901C7980A0C /* Embed Pods Frameworks */ = {
			isa = PBXShellScriptBuildPhase;
			buildActionMask = 2147483647;
			files = (
			);
			inputPaths = (
			);
			name = "Embed Pods Frameworks";
			outputPaths = (
			);
			runOnlyForDeploymentPostprocessing = 0;
			shellPath = /bin/sh;
			shellScript = "\"${SRCROOT}/Pods/Target Support Files/Pods-yn/Pods-yn-frameworks.sh\"\n";
			showEnvVarsInLog = 0;
		};
		FB1F6B560AD1D9813A792834 /* Copy Pods Resources */ = {
			isa = PBXShellScriptBuildPhase;
			buildActionMask = 2147483647;
			files = (
			);
			inputPaths = (
			);
			name = "Copy Pods Resources";
			outputPaths = (
			);
			runOnlyForDeploymentPostprocessing = 0;
			shellPath = /bin/sh;
			shellScript = "\"${SRCROOT}/Pods/Target Support Files/Pods-yn/Pods-yn-resources.sh\"\n";
			showEnvVarsInLog = 0;
		};
/* End PBXShellScriptBuildPhase section */

/* Begin PBXSourcesBuildPhase section */
		0D13AF8D1CD2C91C00D7D51F /* Sources */ = {
			isa = PBXSourcesBuildPhase;
			buildActionMask = 2147483647;
			files = (
				E328E0961CEAAE1400D7EDB3 /* FriendsRequestsViewController.swift in Sources */,
				0D13AFD81CD5446300D7D51F /* SendQuestionViewController.swift in Sources */,
				0D8EADAF1CDAE56F00A4DAED /* ApiError.swift in Sources */,
				0D13AFEA1CD55BA900D7D51F /* QuestionsListViewController.swift in Sources */,
				0D8EADA71CDAE34800A4DAED /* FriendsApiController.swift in Sources */,
				0D2460731CEB103A000BCEB4 /* SignupWithFacebookViewController.swift in Sources */,
				0D2460781CEBCA76000BCEB4 /* RemoteNotificationError.swift in Sources */,
				0DDC5AB51CEBD00900EBA597 /* NSDataExtension.swift in Sources */,
				0D13AFE51CD5587700D7D51F /* FriendsListViewController.swift in Sources */,
				0D13AFC61CD2D27800D7D51F /* CreateQuestionViewController.swift in Sources */,
				0D13AFDA1CD5453700D7D51F /* CustomSegue.swift in Sources */,
				0D2460761CEBCA08000BCEB4 /* RemoteNotificationHandler.swift in Sources */,
				0DDC5ABA1CEBEBC400EBA597 /* MasterAnswersViewController.swift in Sources */,
				0D13AFDE1CD549D600D7D51F /* TransitionAnimator.swift in Sources */,
				0D13B00D1CD845DE00D7D51F /* User.swift in Sources */,
				0D8EADAC1CDAE42A00A4DAED /* ApiUrls.swift in Sources */,
				0D13B0001CD5A1C600D7D51F /* SignupViewController.swift in Sources */,
				0D4E24A71CE53B0E0035B42D /* CameraError.swift in Sources */,
				0D8EADB51CDD3F3000A4DAED /* UsersApiController.swift in Sources */,
				0D13AFF01CD578FB00D7D51F /* SigninViewController.swift in Sources */,
				0D8EADB31CDBF1EF00A4DAED /* AddFriendViewController.swift in Sources */,
				0D13AFDC1CD548FD00D7D51F /* SectionNavigationControllerDelegate.swift in Sources */,
				0D13AFFC1CD5941700D7D51F /* UIColorExtension.swift in Sources */,
				0D13AF971CD2C91D00D7D51F /* MasterViewController.swift in Sources */,
				0D13B00A1CD8007000D7D51F /* ApiHandler.swift in Sources */,
				0D13AF951CD2C91D00D7D51F /* AppDelegate.swift in Sources */,
				0D4E24A91CE56D650035B42D /* EditQuestionViewController.swift in Sources */,
			);
			runOnlyForDeploymentPostprocessing = 0;
		};
		0D13AFA11CD2C91D00D7D51F /* Sources */ = {
			isa = PBXSourcesBuildPhase;
			buildActionMask = 2147483647;
			files = (
				0D13AFAA1CD2C91D00D7D51F /* ynTests.swift in Sources */,
			);
			runOnlyForDeploymentPostprocessing = 0;
		};
		0D13AFAC1CD2C91D00D7D51F /* Sources */ = {
			isa = PBXSourcesBuildPhase;
			buildActionMask = 2147483647;
			files = (
				0D13AFB51CD2C91D00D7D51F /* ynUITests.swift in Sources */,
			);
			runOnlyForDeploymentPostprocessing = 0;
		};
/* End PBXSourcesBuildPhase section */

/* Begin PBXTargetDependency section */
		0D13AFA71CD2C91D00D7D51F /* PBXTargetDependency */ = {
			isa = PBXTargetDependency;
			target = 0D13AF901CD2C91C00D7D51F /* yn */;
			targetProxy = 0D13AFA61CD2C91D00D7D51F /* PBXContainerItemProxy */;
		};
		0D13AFB21CD2C91D00D7D51F /* PBXTargetDependency */ = {
			isa = PBXTargetDependency;
			target = 0D13AF901CD2C91C00D7D51F /* yn */;
			targetProxy = 0D13AFB11CD2C91D00D7D51F /* PBXContainerItemProxy */;
		};
/* End PBXTargetDependency section */

/* Begin PBXVariantGroup section */
		0D13AF981CD2C91D00D7D51F /* Main.storyboard */ = {
			isa = PBXVariantGroup;
			children = (
				0D13AF991CD2C91D00D7D51F /* Base */,
			);
			name = Main.storyboard;
			sourceTree = "<group>";
		};
		0D13AF9D1CD2C91D00D7D51F /* LaunchScreen.storyboard */ = {
			isa = PBXVariantGroup;
			children = (
				0D13AF9E1CD2C91D00D7D51F /* Base */,
			);
			name = LaunchScreen.storyboard;
			sourceTree = "<group>";
		};
/* End PBXVariantGroup section */

/* Begin XCBuildConfiguration section */
		0D13AFB71CD2C91D00D7D51F /* Debug */ = {
			isa = XCBuildConfiguration;
			buildSettings = {
				ALWAYS_SEARCH_USER_PATHS = NO;
				CLANG_ANALYZER_NONNULL = YES;
				CLANG_CXX_LANGUAGE_STANDARD = "gnu++0x";
				CLANG_CXX_LIBRARY = "libc++";
				CLANG_ENABLE_MODULES = YES;
				CLANG_ENABLE_OBJC_ARC = YES;
				CLANG_WARN_BOOL_CONVERSION = YES;
				CLANG_WARN_CONSTANT_CONVERSION = YES;
				CLANG_WARN_DIRECT_OBJC_ISA_USAGE = YES_ERROR;
				CLANG_WARN_EMPTY_BODY = YES;
				CLANG_WARN_ENUM_CONVERSION = YES;
				CLANG_WARN_INT_CONVERSION = YES;
				CLANG_WARN_OBJC_ROOT_CLASS = YES_ERROR;
				CLANG_WARN_UNREACHABLE_CODE = YES;
				CLANG_WARN__DUPLICATE_METHOD_MATCH = YES;
				"CODE_SIGN_IDENTITY[sdk=iphoneos*]" = "iPhone Developer";
				COPY_PHASE_STRIP = NO;
				DEBUG_INFORMATION_FORMAT = dwarf;
				ENABLE_STRICT_OBJC_MSGSEND = YES;
				ENABLE_TESTABILITY = YES;
				GCC_C_LANGUAGE_STANDARD = gnu99;
				GCC_DYNAMIC_NO_PIC = NO;
				GCC_NO_COMMON_BLOCKS = YES;
				GCC_OPTIMIZATION_LEVEL = 0;
				GCC_PREPROCESSOR_DEFINITIONS = (
					"DEBUG=1",
					"$(inherited)",
				);
				GCC_WARN_64_TO_32_BIT_CONVERSION = YES;
				GCC_WARN_ABOUT_RETURN_TYPE = YES_ERROR;
				GCC_WARN_UNDECLARED_SELECTOR = YES;
				GCC_WARN_UNINITIALIZED_AUTOS = YES_AGGRESSIVE;
				GCC_WARN_UNUSED_FUNCTION = YES;
				GCC_WARN_UNUSED_VARIABLE = YES;
				IPHONEOS_DEPLOYMENT_TARGET = 9.3;
				MTL_ENABLE_DEBUG_INFO = YES;
				ONLY_ACTIVE_ARCH = YES;
				SDKROOT = iphoneos;
				SWIFT_OPTIMIZATION_LEVEL = "-Onone";
				TARGETED_DEVICE_FAMILY = "1,2";
			};
			name = Debug;
		};
		0D13AFB81CD2C91D00D7D51F /* Release */ = {
			isa = XCBuildConfiguration;
			buildSettings = {
				ALWAYS_SEARCH_USER_PATHS = NO;
				CLANG_ANALYZER_NONNULL = YES;
				CLANG_CXX_LANGUAGE_STANDARD = "gnu++0x";
				CLANG_CXX_LIBRARY = "libc++";
				CLANG_ENABLE_MODULES = YES;
				CLANG_ENABLE_OBJC_ARC = YES;
				CLANG_WARN_BOOL_CONVERSION = YES;
				CLANG_WARN_CONSTANT_CONVERSION = YES;
				CLANG_WARN_DIRECT_OBJC_ISA_USAGE = YES_ERROR;
				CLANG_WARN_EMPTY_BODY = YES;
				CLANG_WARN_ENUM_CONVERSION = YES;
				CLANG_WARN_INT_CONVERSION = YES;
				CLANG_WARN_OBJC_ROOT_CLASS = YES_ERROR;
				CLANG_WARN_UNREACHABLE_CODE = YES;
				CLANG_WARN__DUPLICATE_METHOD_MATCH = YES;
				"CODE_SIGN_IDENTITY[sdk=iphoneos*]" = "iPhone Developer";
				COPY_PHASE_STRIP = NO;
				DEBUG_INFORMATION_FORMAT = "dwarf-with-dsym";
				ENABLE_NS_ASSERTIONS = NO;
				ENABLE_STRICT_OBJC_MSGSEND = YES;
				GCC_C_LANGUAGE_STANDARD = gnu99;
				GCC_NO_COMMON_BLOCKS = YES;
				GCC_WARN_64_TO_32_BIT_CONVERSION = YES;
				GCC_WARN_ABOUT_RETURN_TYPE = YES_ERROR;
				GCC_WARN_UNDECLARED_SELECTOR = YES;
				GCC_WARN_UNINITIALIZED_AUTOS = YES_AGGRESSIVE;
				GCC_WARN_UNUSED_FUNCTION = YES;
				GCC_WARN_UNUSED_VARIABLE = YES;
				IPHONEOS_DEPLOYMENT_TARGET = 9.3;
				MTL_ENABLE_DEBUG_INFO = NO;
				SDKROOT = iphoneos;
				TARGETED_DEVICE_FAMILY = "1,2";
				VALIDATE_PRODUCT = YES;
			};
			name = Release;
		};
		0D13AFBA1CD2C91D00D7D51F /* Debug */ = {
			isa = XCBuildConfiguration;
			baseConfigurationReference = 9C6B85502A8AB8B0D77D403D /* Pods-yn.debug.xcconfig */;
			buildSettings = {
				ASSETCATALOG_COMPILER_APPICON_NAME = AppIcon;
				CODE_SIGN_IDENTITY = "iPhone Developer";
				"CODE_SIGN_IDENTITY[sdk=iphoneos*]" = "iPhone Developer";
				FRAMEWORK_SEARCH_PATHS = (
					"$(inherited)",
					"$(PROJECT_DIR)",
				);
				INFOPLIST_FILE = yn/Info.plist;
				IPHONEOS_DEPLOYMENT_TARGET = 9.0;
				LD_RUNPATH_SEARCH_PATHS = "$(inherited) @executable_path/Frameworks";
				PRODUCT_BUNDLE_IDENTIFIER = me.zerobeta.yn;
				PRODUCT_NAME = "$(TARGET_NAME)";
				PROVISIONING_PROFILE = "";
			};
			name = Debug;
		};
		0D13AFBB1CD2C91D00D7D51F /* Release */ = {
			isa = XCBuildConfiguration;
			baseConfigurationReference = 6555A07611012DCEE3DF650E /* Pods-yn.release.xcconfig */;
			buildSettings = {
				ASSETCATALOG_COMPILER_APPICON_NAME = AppIcon;
				CODE_SIGN_IDENTITY = "iPhone Developer";
				"CODE_SIGN_IDENTITY[sdk=iphoneos*]" = "iPhone Developer";
				FRAMEWORK_SEARCH_PATHS = (
					"$(inherited)",
					"$(PROJECT_DIR)",
				);
				INFOPLIST_FILE = yn/Info.plist;
				IPHONEOS_DEPLOYMENT_TARGET = 9.0;
				LD_RUNPATH_SEARCH_PATHS = "$(inherited) @executable_path/Frameworks";
				PRODUCT_BUNDLE_IDENTIFIER = me.zerobeta.yn;
				PRODUCT_NAME = "$(TARGET_NAME)";
				PROVISIONING_PROFILE = "";
			};
			name = Release;
		};
		0D13AFBD1CD2C91D00D7D51F /* Debug */ = {
			isa = XCBuildConfiguration;
			buildSettings = {
				BUNDLE_LOADER = "$(TEST_HOST)";
				INFOPLIST_FILE = ynTests/Info.plist;
				LD_RUNPATH_SEARCH_PATHS = "$(inherited) @executable_path/Frameworks @loader_path/Frameworks";
				PRODUCT_BUNDLE_IDENTIFIER = com.aurelien.prieur.ynTests;
				PRODUCT_NAME = "$(TARGET_NAME)";
				TEST_HOST = "$(BUILT_PRODUCTS_DIR)/yn.app/yn";
			};
			name = Debug;
		};
		0D13AFBE1CD2C91D00D7D51F /* Release */ = {
			isa = XCBuildConfiguration;
			buildSettings = {
				BUNDLE_LOADER = "$(TEST_HOST)";
				INFOPLIST_FILE = ynTests/Info.plist;
				LD_RUNPATH_SEARCH_PATHS = "$(inherited) @executable_path/Frameworks @loader_path/Frameworks";
				PRODUCT_BUNDLE_IDENTIFIER = com.aurelien.prieur.ynTests;
				PRODUCT_NAME = "$(TARGET_NAME)";
				TEST_HOST = "$(BUILT_PRODUCTS_DIR)/yn.app/yn";
			};
			name = Release;
		};
		0D13AFC01CD2C91D00D7D51F /* Debug */ = {
			isa = XCBuildConfiguration;
			buildSettings = {
				INFOPLIST_FILE = ynUITests/Info.plist;
				LD_RUNPATH_SEARCH_PATHS = "$(inherited) @executable_path/Frameworks @loader_path/Frameworks";
				PRODUCT_BUNDLE_IDENTIFIER = com.aurelien.prieur.ynUITests;
				PRODUCT_NAME = "$(TARGET_NAME)";
				TEST_TARGET_NAME = yn;
			};
			name = Debug;
		};
		0D13AFC11CD2C91D00D7D51F /* Release */ = {
			isa = XCBuildConfiguration;
			buildSettings = {
				INFOPLIST_FILE = ynUITests/Info.plist;
				LD_RUNPATH_SEARCH_PATHS = "$(inherited) @executable_path/Frameworks @loader_path/Frameworks";
				PRODUCT_BUNDLE_IDENTIFIER = com.aurelien.prieur.ynUITests;
				PRODUCT_NAME = "$(TARGET_NAME)";
				TEST_TARGET_NAME = yn;
			};
			name = Release;
		};
/* End XCBuildConfiguration section */

/* Begin XCConfigurationList section */
		0D13AF8C1CD2C91C00D7D51F /* Build configuration list for PBXProject "yn" */ = {
			isa = XCConfigurationList;
			buildConfigurations = (
				0D13AFB71CD2C91D00D7D51F /* Debug */,
				0D13AFB81CD2C91D00D7D51F /* Release */,
			);
			defaultConfigurationIsVisible = 0;
			defaultConfigurationName = Release;
		};
		0D13AFB91CD2C91D00D7D51F /* Build configuration list for PBXNativeTarget "yn" */ = {
			isa = XCConfigurationList;
			buildConfigurations = (
				0D13AFBA1CD2C91D00D7D51F /* Debug */,
				0D13AFBB1CD2C91D00D7D51F /* Release */,
			);
			defaultConfigurationIsVisible = 0;
			defaultConfigurationName = Release;
		};
		0D13AFBC1CD2C91D00D7D51F /* Build configuration list for PBXNativeTarget "ynTests" */ = {
			isa = XCConfigurationList;
			buildConfigurations = (
				0D13AFBD1CD2C91D00D7D51F /* Debug */,
				0D13AFBE1CD2C91D00D7D51F /* Release */,
			);
			defaultConfigurationIsVisible = 0;
			defaultConfigurationName = Release;
		};
		0D13AFBF1CD2C91D00D7D51F /* Build configuration list for PBXNativeTarget "ynUITests" */ = {
			isa = XCConfigurationList;
			buildConfigurations = (
				0D13AFC01CD2C91D00D7D51F /* Debug */,
				0D13AFC11CD2C91D00D7D51F /* Release */,
			);
			defaultConfigurationIsVisible = 0;
			defaultConfigurationName = Release;
		};
/* End XCConfigurationList section */
	};
	rootObject = 0D13AF891CD2C91C00D7D51F /* Project object */;
}
